
Microsoft Visual Studio Solution File, Format Version 12.00
# Visual Studio Version 16
VisualStudioVersion = 16.0.29306.81
MinimumVisualStudioVersion = 10.0.40219.1
Project("{F184B08F-C81C-45F6-A57F-5ABD9991F28F}") = "Projecto_Puzzle", "Projecto_Puzzle\Projecto_Puzzle.vbproj", "{24781FEA-2C70-4E8F-8753-6579B673C252}"
EndProject
Global
	GlobalSection(SolutionConfigurationPlatforms) = preSolution
		Debug|Any CPU = Debug|Any CPU
		Release|Any CPU = Release|Any CPU
	EndGlobalSection
	GlobalSection(ProjectConfigurationPlatforms) = postSolution
		{24781FEA-2C70-4E8F-8753-6579B673C252}.Debug|Any CPU.ActiveCfg = Debug|Any CPU
		{24781FEA-2C70-4E8F-8753-6579B673C252}.Debug|Any CPU.Build.0 = Debug|Any CPU
		{24781FEA-2C70-4E8F-8753-6579B673C252}.Release|Any CPU.ActiveCfg = Release|Any CPU
		{24781FEA-2C70-4E8F-8753-6579B673C252}.Release|Any CPU.Build.0 = Release|Any CPU
	EndGlobalSection
	GlobalSection(SolutionProperties) = preSolution
		HideSolutionNode = FALSE
	EndGlobalSection
	GlobalSection(ExtensibilityGlobals) = postSolution
		SolutionGuid = {0698B8DC-8653-4278-B4BF-7FA8B734B9DE}
	EndGlobalSection
EndGlobal
